
Microsoft Visual Studio Solution File, Format Version 12.00
# Visual Studio 15
VisualStudioVersion = 15.0.27130.2024
MinimumVisualStudioVersion = 10.0.40219.1
Project("{8BC9CEB8-8B4A-11D0-8D11-00A0C91BC942}") = "Panel54", "_VS\Panel54\PanelS8-54.vcxproj", "{8E5C15D7-32F3-4E99-B82B-7127ECAFAEC8}"
EndProject
Global
	GlobalSection(SolutionConfigurationPlatforms) = preSolution
		Debug|x86 = Debug|x86
	EndGlobalSection
	GlobalSection(ProjectConfigurationPlatforms) = postSolution
		{8E5C15D7-32F3-4E99-B82B-7127ECAFAEC8}.Debug|x86.ActiveCfg = Debug|Win32
		{8E5C15D7-32F3-4E99-B82B-7127ECAFAEC8}.Debug|x86.Build.0 = Debug|Win32
	EndGlobalSection
	GlobalSection(SolutionProperties) = preSolution
		HideSolutionNode = FALSE
	EndGlobalSection
	GlobalSection(ExtensibilityGlobals) = postSolution
		SolutionGuid = {D58EF58B-0E35-41AF-938B-C30A03EE1058}
	EndGlobalSection
EndGlobal
