
Microsoft Visual Studio Solution File, Format Version 12.00
# Visual Studio 15
VisualStudioVersion = 15.0.27130.2010
MinimumVisualStudioVersion = 10.0.40219.1
Project("{8BC9CEB8-8B4A-11D0-8D11-00A0C91BC942}") = "Loader54-Open", "_VS\Loader54-Open\Loader54-Open.vcxproj", "{E636E21D-9579-438F-BDBC-E39850E97D58}"
EndProject
Project("{8BC9CEB8-8B4A-11D0-8D11-00A0C91BC942}") = "Device54-Open", "_VS\Device54-Open\Device54-Open.vcxproj", "{4BAB756B-3797-430C-97E1-52D70CD2877C}"
EndProject
Global
	GlobalSection(SolutionConfigurationPlatforms) = preSolution
		Debug|x86 = Debug|x86
	EndGlobalSection
	GlobalSection(ProjectConfigurationPlatforms) = postSolution
		{E636E21D-9579-438F-BDBC-E39850E97D58}.Debug|x86.ActiveCfg = Debug|Win32
		{E636E21D-9579-438F-BDBC-E39850E97D58}.Debug|x86.Build.0 = Debug|Win32
		{4BAB756B-3797-430C-97E1-52D70CD2877C}.Debug|x86.ActiveCfg = Debug|Win32
		{4BAB756B-3797-430C-97E1-52D70CD2877C}.Debug|x86.Build.0 = Debug|Win32
	EndGlobalSection
	GlobalSection(SolutionProperties) = preSolution
		HideSolutionNode = FALSE
	EndGlobalSection
	GlobalSection(ExtensibilityGlobals) = postSolution
		SolutionGuid = {B52C29C2-384D-487A-8681-194DE9268713}
	EndGlobalSection
EndGlobal
