
Microsoft Visual Studio Solution File, Format Version 12.00
# Visual Studio 15
VisualStudioVersion = 15.0.27130.2026
MinimumVisualStudioVersion = 10.0.40219.1
Project("{8BC9CEB8-8B4A-11D0-8D11-00A0C91BC942}") = "Loader54", "_VS\Loader54\Loader54.vcxproj", "{E636E21D-9579-438F-BDBC-E39850E97D58}"
EndProject
Project("{8BC9CEB8-8B4A-11D0-8D11-00A0C91BC942}") = "Device54", "_VS\Device54\Device54.vcxproj", "{4BAB756B-3797-430C-97E1-52D70CD2877C}"
EndProject
Global
	GlobalSection(SolutionConfigurationPlatforms) = preSolution
		Debug|x64 = Debug|x64
		Debug|x86 = Debug|x86
		Release|x64 = Release|x64
		Release|x86 = Release|x86
	EndGlobalSection
	GlobalSection(ProjectConfigurationPlatforms) = postSolution
		{E636E21D-9579-438F-BDBC-E39850E97D58}.Debug|x64.ActiveCfg = Debug|x64
		{E636E21D-9579-438F-BDBC-E39850E97D58}.Debug|x64.Build.0 = Debug|x64
		{E636E21D-9579-438F-BDBC-E39850E97D58}.Debug|x86.ActiveCfg = Debug|Win32
		{E636E21D-9579-438F-BDBC-E39850E97D58}.Debug|x86.Build.0 = Debug|Win32
		{E636E21D-9579-438F-BDBC-E39850E97D58}.Release|x64.ActiveCfg = Release|x64
		{E636E21D-9579-438F-BDBC-E39850E97D58}.Release|x64.Build.0 = Release|x64
		{E636E21D-9579-438F-BDBC-E39850E97D58}.Release|x86.ActiveCfg = Release|Win32
		{E636E21D-9579-438F-BDBC-E39850E97D58}.Release|x86.Build.0 = Release|Win32
		{4BAB756B-3797-430C-97E1-52D70CD2877C}.Debug|x64.ActiveCfg = Debug|x64
		{4BAB756B-3797-430C-97E1-52D70CD2877C}.Debug|x64.Build.0 = Debug|x64
		{4BAB756B-3797-430C-97E1-52D70CD2877C}.Debug|x86.ActiveCfg = Debug|Win32
		{4BAB756B-3797-430C-97E1-52D70CD2877C}.Release|x64.ActiveCfg = Release|x64
		{4BAB756B-3797-430C-97E1-52D70CD2877C}.Release|x64.Build.0 = Release|x64
		{4BAB756B-3797-430C-97E1-52D70CD2877C}.Release|x86.ActiveCfg = Release|Win32
		{4BAB756B-3797-430C-97E1-52D70CD2877C}.Release|x86.Build.0 = Release|Win32
	EndGlobalSection
	GlobalSection(SolutionProperties) = preSolution
		HideSolutionNode = FALSE
	EndGlobalSection
	GlobalSection(ExtensibilityGlobals) = postSolution
		SolutionGuid = {A09BD58E-4961-4CCC-8EB6-FA1EEAC11BA1}
	EndGlobalSection
EndGlobal
