
Microsoft Visual Studio Solution File, Format Version 12.00
# Visual Studio Version 16
VisualStudioVersion = 16.0.30204.135
MinimumVisualStudioVersion = 10.0.40219.1
Project("{FAE04EC0-301F-11D3-BF4B-00C04F79EFBC}") = "S8-53_ConsoleLAN", "VS-OSCI\NET\S8-53_ConsoleLAN\S8-53_ConsoleLAN.csproj", "{7415BA66-9F74-4E36-8C7C-1911FF5CEF41}"
	ProjectSection(ProjectDependencies) = postProject
		{99FAFEEF-151B-4355-8BCF-D36BBE29D92F} = {99FAFEEF-151B-4355-8BCF-D36BBE29D92F}
	EndProjectSection
EndProject
Project("{FAE04EC0-301F-11D3-BF4B-00C04F79EFBC}") = "S8-53_ConsoleUSB", "VS-OSCI\NET\S8-53_ConsoleUSB\S8-53_ConsoleUSB.csproj", "{6DBF6657-520B-4421-B9DA-323AC641F0C3}"
	ProjectSection(ProjectDependencies) = postProject
		{99FAFEEF-151B-4355-8BCF-D36BBE29D92F} = {99FAFEEF-151B-4355-8BCF-D36BBE29D92F}
	EndProjectSection
EndProject
Project("{FAE04EC0-301F-11D3-BF4B-00C04F79EFBC}") = "S8-53_Interface", "VS-OSCI\NET\S8-53_Interface\S8-53_Interface.csproj", "{E46DB878-6DC5-4969-A04A-F3857003B12D}"
	ProjectSection(ProjectDependencies) = postProject
		{8F90645A-B5C2-4881-A684-67A634578722} = {8F90645A-B5C2-4881-A684-67A634578722}
		{99FAFEEF-151B-4355-8BCF-D36BBE29D92F} = {99FAFEEF-151B-4355-8BCF-D36BBE29D92F}
	EndProjectSection
EndProject
Project("{FAE04EC0-301F-11D3-BF4B-00C04F79EFBC}") = "S8-53_LAN", "VS-OSCI\NET\S8-53_LAN\S8-53_LAN.csproj", "{A6A3DFB8-AA70-4406-9198-4DED6188B2AF}"
	ProjectSection(ProjectDependencies) = postProject
		{8F90645A-B5C2-4881-A684-67A634578722} = {8F90645A-B5C2-4881-A684-67A634578722}
		{99FAFEEF-151B-4355-8BCF-D36BBE29D92F} = {99FAFEEF-151B-4355-8BCF-D36BBE29D92F}
	EndProjectSection
EndProject
Project("{FAE04EC0-301F-11D3-BF4B-00C04F79EFBC}") = "S8-53_USB", "VS-OSCI\NET\S8-53_USB\S8-53_USB.csproj", "{77C0F0DB-0A3B-4E5D-891F-CE7ACCFDBE05}"
EndProject
Project("{FAE04EC0-301F-11D3-BF4B-00C04F79EFBC}") = "LibraryS8-53", "VS-OSCI\NET\LibraryS8-53\LibraryS8-53.csproj", "{99FAFEEF-151B-4355-8BCF-D36BBE29D92F}"
EndProject
Project("{FAE04EC0-301F-11D3-BF4B-00C04F79EFBC}") = "ControlLibraryS8-53", "VS-OSCI\NET\ControlLibraryS8-53\ControlLibraryS8-53.csproj", "{8F90645A-B5C2-4881-A684-67A634578722}"
	ProjectSection(ProjectDependencies) = postProject
		{99FAFEEF-151B-4355-8BCF-D36BBE29D92F} = {99FAFEEF-151B-4355-8BCF-D36BBE29D92F}
	EndProjectSection
EndProject
Global
	GlobalSection(SolutionConfigurationPlatforms) = preSolution
		Debug|Any CPU = Debug|Any CPU
		Release|Any CPU = Release|Any CPU
	EndGlobalSection
	GlobalSection(ProjectConfigurationPlatforms) = postSolution
		{7415BA66-9F74-4E36-8C7C-1911FF5CEF41}.Debug|Any CPU.ActiveCfg = Debug|Any CPU
		{7415BA66-9F74-4E36-8C7C-1911FF5CEF41}.Debug|Any CPU.Build.0 = Debug|Any CPU
		{7415BA66-9F74-4E36-8C7C-1911FF5CEF41}.Release|Any CPU.ActiveCfg = Release|Any CPU
		{7415BA66-9F74-4E36-8C7C-1911FF5CEF41}.Release|Any CPU.Build.0 = Release|Any CPU
		{6DBF6657-520B-4421-B9DA-323AC641F0C3}.Debug|Any CPU.ActiveCfg = Debug|Any CPU
		{6DBF6657-520B-4421-B9DA-323AC641F0C3}.Debug|Any CPU.Build.0 = Debug|Any CPU
		{6DBF6657-520B-4421-B9DA-323AC641F0C3}.Release|Any CPU.ActiveCfg = Release|Any CPU
		{6DBF6657-520B-4421-B9DA-323AC641F0C3}.Release|Any CPU.Build.0 = Release|Any CPU
		{E46DB878-6DC5-4969-A04A-F3857003B12D}.Debug|Any CPU.ActiveCfg = Debug|Any CPU
		{E46DB878-6DC5-4969-A04A-F3857003B12D}.Debug|Any CPU.Build.0 = Debug|Any CPU
		{E46DB878-6DC5-4969-A04A-F3857003B12D}.Release|Any CPU.ActiveCfg = Release|Any CPU
		{E46DB878-6DC5-4969-A04A-F3857003B12D}.Release|Any CPU.Build.0 = Release|Any CPU
		{A6A3DFB8-AA70-4406-9198-4DED6188B2AF}.Debug|Any CPU.ActiveCfg = Debug|Any CPU
		{A6A3DFB8-AA70-4406-9198-4DED6188B2AF}.Debug|Any CPU.Build.0 = Debug|Any CPU
		{A6A3DFB8-AA70-4406-9198-4DED6188B2AF}.Release|Any CPU.ActiveCfg = Release|Any CPU
		{A6A3DFB8-AA70-4406-9198-4DED6188B2AF}.Release|Any CPU.Build.0 = Release|Any CPU
		{77C0F0DB-0A3B-4E5D-891F-CE7ACCFDBE05}.Debug|Any CPU.ActiveCfg = Debug|Any CPU
		{77C0F0DB-0A3B-4E5D-891F-CE7ACCFDBE05}.Debug|Any CPU.Build.0 = Debug|Any CPU
		{77C0F0DB-0A3B-4E5D-891F-CE7ACCFDBE05}.Release|Any CPU.ActiveCfg = Release|Any CPU
		{77C0F0DB-0A3B-4E5D-891F-CE7ACCFDBE05}.Release|Any CPU.Build.0 = Release|Any CPU
		{99FAFEEF-151B-4355-8BCF-D36BBE29D92F}.Debug|Any CPU.ActiveCfg = Debug|Any CPU
		{99FAFEEF-151B-4355-8BCF-D36BBE29D92F}.Debug|Any CPU.Build.0 = Debug|Any CPU
		{99FAFEEF-151B-4355-8BCF-D36BBE29D92F}.Release|Any CPU.ActiveCfg = Release|Any CPU
		{99FAFEEF-151B-4355-8BCF-D36BBE29D92F}.Release|Any CPU.Build.0 = Release|Any CPU
		{8F90645A-B5C2-4881-A684-67A634578722}.Debug|Any CPU.ActiveCfg = Debug|Any CPU
		{8F90645A-B5C2-4881-A684-67A634578722}.Debug|Any CPU.Build.0 = Debug|Any CPU
		{8F90645A-B5C2-4881-A684-67A634578722}.Release|Any CPU.ActiveCfg = Release|Any CPU
		{8F90645A-B5C2-4881-A684-67A634578722}.Release|Any CPU.Build.0 = Release|Any CPU
	EndGlobalSection
	GlobalSection(SolutionProperties) = preSolution
		HideSolutionNode = FALSE
	EndGlobalSection
	GlobalSection(ExtensibilityGlobals) = postSolution
		SolutionGuid = {5705F5AF-4A98-4DAA-86B0-24ADA51A5F8D}
	EndGlobalSection
EndGlobal
